// !$*UTF8*$!
{
	archiveVersion = 1;
	classes = {
	};
	objectVersion = 56;
	objects = {

/* Begin PBXBuildFile section */
		EC61DB292BC818CF006CFFD7 /* ChefDeliveryApp.swift in Sources */ = {isa = PBXBuildFile; fileRef = EC61DB282BC818CF006CFFD7 /* ChefDeliveryApp.swift */; };
		EC61DB2B2BC818CF006CFFD7 /* ContentView.swift in Sources */ = {isa = PBXBuildFile; fileRef = EC61DB2A2BC818CF006CFFD7 /* ContentView.swift */; };
		EC61DB2D2BC818D1006CFFD7 /* Assets.xcassets in Resources */ = {isa = PBXBuildFile; fileRef = EC61DB2C2BC818D1006CFFD7 /* Assets.xcassets */; };
		EC61DB302BC818D1006CFFD7 /* Preview Assets.xcassets in Resources */ = {isa = PBXBuildFile; fileRef = EC61DB2F2BC818D1006CFFD7 /* Preview Assets.xcassets */; };
		EC61DB392BC825A7006CFFD7 /* NavigationBar.swift in Sources */ = {isa = PBXBuildFile; fileRef = EC61DB382BC825A7006CFFD7 /* NavigationBar.swift */; };
		EC61DB3C2BC8508F006CFFD7 /* OrderTypeGridView.swift in Sources */ = {isa = PBXBuildFile; fileRef = EC61DB3B2BC8508F006CFFD7 /* OrderTypeGridView.swift */; };
		EC61DB3F2BC85C48006CFFD7 /* OrderType.swift in Sources */ = {isa = PBXBuildFile; fileRef = EC61DB3E2BC85C48006CFFD7 /* OrderType.swift */; };
		EC61DB412BC85EE6006CFFD7 /* DataSourceMock.swift in Sources */ = {isa = PBXBuildFile; fileRef = EC61DB402BC85EE6006CFFD7 /* DataSourceMock.swift */; };
		EC61DB432BCDAE0C006CFFD7 /* OrderTypeView.swift in Sources */ = {isa = PBXBuildFile; fileRef = EC61DB422BCDAE0C006CFFD7 /* OrderTypeView.swift */; };
		EC61DB462BCF0913006CFFD7 /* CaroselItemView.swift in Sources */ = {isa = PBXBuildFile; fileRef = EC61DB452BCF0913006CFFD7 /* CaroselItemView.swift */; };
		EC61DB4A2BCF0BA2006CFFD7 /* CarouselTabView.swift in Sources */ = {isa = PBXBuildFile; fileRef = EC61DB492BCF0BA2006CFFD7 /* CarouselTabView.swift */; };
		EC61DB4D2BCF422D006CFFD7 /* StoreItemView.swift in Sources */ = {isa = PBXBuildFile; fileRef = EC61DB4C2BCF422D006CFFD7 /* StoreItemView.swift */; };
		EC61DB4F2BCF456A006CFFD7 /* StoreContainerView.swift in Sources */ = {isa = PBXBuildFile; fileRef = EC61DB4E2BCF456A006CFFD7 /* StoreContainerView.swift */; };
/* End PBXBuildFile section */

/* Begin PBXFileReference section */
		EC61DB252BC818CF006CFFD7 /* ChefDelivery.app */ = {isa = PBXFileReference; explicitFileType = wrapper.application; includeInIndex = 0; path = ChefDelivery.app; sourceTree = BUILT_PRODUCTS_DIR; };
		EC61DB282BC818CF006CFFD7 /* ChefDeliveryApp.swift */ = {isa = PBXFileReference; lastKnownFileType = sourcecode.swift; path = ChefDeliveryApp.swift; sourceTree = "<group>"; };
		EC61DB2A2BC818CF006CFFD7 /* ContentView.swift */ = {isa = PBXFileReference; lastKnownFileType = sourcecode.swift; path = ContentView.swift; sourceTree = "<group>"; };
		EC61DB2C2BC818D1006CFFD7 /* Assets.xcassets */ = {isa = PBXFileReference; lastKnownFileType = folder.assetcatalog; path = Assets.xcassets; sourceTree = "<group>"; };
		EC61DB2F2BC818D1006CFFD7 /* Preview Assets.xcassets */ = {isa = PBXFileReference; lastKnownFileType = folder.assetcatalog; path = "Preview Assets.xcassets"; sourceTree = "<group>"; };
		EC61DB382BC825A7006CFFD7 /* NavigationBar.swift */ = {isa = PBXFileReference; lastKnownFileType = sourcecode.swift; path = NavigationBar.swift; sourceTree = "<group>"; };
		EC61DB3B2BC8508F006CFFD7 /* OrderTypeGridView.swift */ = {isa = PBXFileReference; lastKnownFileType = sourcecode.swift; path = OrderTypeGridView.swift; sourceTree = "<group>"; };
		EC61DB3E2BC85C48006CFFD7 /* OrderType.swift */ = {isa = PBXFileReference; lastKnownFileType = sourcecode.swift; path = OrderType.swift; sourceTree = "<group>"; };
		EC61DB402BC85EE6006CFFD7 /* DataSourceMock.swift */ = {isa = PBXFileReference; lastKnownFileType = sourcecode.swift; path = DataSourceMock.swift; sourceTree = "<group>"; };
		EC61DB422BCDAE0C006CFFD7 /* OrderTypeView.swift */ = {isa = PBXFileReference; lastKnownFileType = sourcecode.swift; path = OrderTypeView.swift; sourceTree = "<group>"; };
		EC61DB452BCF0913006CFFD7 /* CaroselItemView.swift */ = {isa = PBXFileReference; lastKnownFileType = sourcecode.swift; path = CaroselItemView.swift; sourceTree = "<group>"; };
		EC61DB492BCF0BA2006CFFD7 /* CarouselTabView.swift */ = {isa = PBXFileReference; lastKnownFileType = sourcecode.swift; path = CarouselTabView.swift; sourceTree = "<group>"; };
		EC61DB4C2BCF422D006CFFD7 /* StoreItemView.swift */ = {isa = PBXFileReference; lastKnownFileType = sourcecode.swift; path = StoreItemView.swift; sourceTree = "<group>"; };
		EC61DB4E2BCF456A006CFFD7 /* StoreContainerView.swift */ = {isa = PBXFileReference; lastKnownFileType = sourcecode.swift; path = StoreContainerView.swift; sourceTree = "<group>"; };
/* End PBXFileReference section */

/* Begin PBXFrameworksBuildPhase section */
		EC61DB222BC818CF006CFFD7 /* Frameworks */ = {
			isa = PBXFrameworksBuildPhase;
			buildActionMask = 2147483647;
			files = (
			);
			runOnlyForDeploymentPostprocessing = 0;
		};
/* End PBXFrameworksBuildPhase section */

/* Begin PBXGroup section */
		EC61DB1C2BC818CF006CFFD7 = {
			isa = PBXGroup;
			children = (
				EC61DB272BC818CF006CFFD7 /* ChefDelivery */,
				EC61DB262BC818CF006CFFD7 /* Products */,
			);
			sourceTree = "<group>";
		};
		EC61DB262BC818CF006CFFD7 /* Products */ = {
			isa = PBXGroup;
			children = (
				EC61DB252BC818CF006CFFD7 /* ChefDelivery.app */,
			);
			name = Products;
			sourceTree = "<group>";
		};
		EC61DB272BC818CF006CFFD7 /* ChefDelivery */ = {
			isa = PBXGroup;
			children = (
				EC61DB372BC8252D006CFFD7 /* App */,
				EC61DB3D2BC85C02006CFFD7 /* Model */,
				EC61DB362BC8250F006CFFD7 /* NavigationBar  */,
				EC61DB3A2BC84FFA006CFFD7 /* GridView */,
				EC61DB442BCF08C9006CFFD7 /* CaroseulView */,
				EC61DB4B2BCF4200006CFFD7 /* StoreView */,
				EC61DB2C2BC818D1006CFFD7 /* Assets.xcassets */,
				EC61DB2E2BC818D1006CFFD7 /* Preview Content */,
			);
			path = ChefDelivery;
			sourceTree = "<group>";
		};
		EC61DB2E2BC818D1006CFFD7 /* Preview Content */ = {
			isa = PBXGroup;
			children = (
				EC61DB2F2BC818D1006CFFD7 /* Preview Assets.xcassets */,
			);
			path = "Preview Content";
			sourceTree = "<group>";
		};
		EC61DB362BC8250F006CFFD7 /* NavigationBar  */ = {
			isa = PBXGroup;
			children = (
				EC61DB382BC825A7006CFFD7 /* NavigationBar.swift */,
			);
			path = "NavigationBar ";
			sourceTree = "<group>";
		};
		EC61DB372BC8252D006CFFD7 /* App */ = {
			isa = PBXGroup;
			children = (
				EC61DB282BC818CF006CFFD7 /* ChefDeliveryApp.swift */,
				EC61DB2A2BC818CF006CFFD7 /* ContentView.swift */,
			);
			path = App;
			sourceTree = "<group>";
		};
		EC61DB3A2BC84FFA006CFFD7 /* GridView */ = {
			isa = PBXGroup;
			children = (
				EC61DB3B2BC8508F006CFFD7 /* OrderTypeGridView.swift */,
				EC61DB422BCDAE0C006CFFD7 /* OrderTypeView.swift */,
			);
			path = GridView;
			sourceTree = "<group>";
		};
		EC61DB3D2BC85C02006CFFD7 /* Model */ = {
			isa = PBXGroup;
			children = (
				EC61DB3E2BC85C48006CFFD7 /* OrderType.swift */,
				EC61DB402BC85EE6006CFFD7 /* DataSourceMock.swift */,
			);
			path = Model;
			sourceTree = "<group>";
		};
		EC61DB442BCF08C9006CFFD7 /* CaroseulView */ = {
			isa = PBXGroup;
			children = (
				EC61DB452BCF0913006CFFD7 /* CaroselItemView.swift */,
				EC61DB492BCF0BA2006CFFD7 /* CarouselTabView.swift */,
			);
			path = CaroseulView;
			sourceTree = "<group>";
		};
		EC61DB4B2BCF4200006CFFD7 /* StoreView */ = {
			isa = PBXGroup;
			children = (
				EC61DB4C2BCF422D006CFFD7 /* StoreItemView.swift */,
				EC61DB4E2BCF456A006CFFD7 /* StoreContainerView.swift */,
			);
			path = StoreView;
			sourceTree = "<group>";
		};
/* End PBXGroup section */

/* Begin PBXNativeTarget section */
		EC61DB242BC818CF006CFFD7 /* ChefDelivery */ = {
			isa = PBXNativeTarget;
			buildConfigurationList = EC61DB332BC818D1006CFFD7 /* Build configuration list for PBXNativeTarget "ChefDelivery" */;
			buildPhases = (
				EC61DB212BC818CF006CFFD7 /* Sources */,
				EC61DB222BC818CF006CFFD7 /* Frameworks */,
				EC61DB232BC818CF006CFFD7 /* Resources */,
			);
			buildRules = (
			);
			dependencies = (
			);
			name = ChefDelivery;
			productName = ChefDelivery;
			productReference = EC61DB252BC818CF006CFFD7 /* ChefDelivery.app */;
			productType = "com.apple.product-type.application";
		};
/* End PBXNativeTarget section */

/* Begin PBXProject section */
		EC61DB1D2BC818CF006CFFD7 /* Project object */ = {
			isa = PBXProject;
			attributes = {
				BuildIndependentTargetsInParallel = 1;
				LastSwiftUpdateCheck = 1500;
				LastUpgradeCheck = 1500;
				TargetAttributes = {
					EC61DB242BC818CF006CFFD7 = {
						CreatedOnToolsVersion = 15.0.1;
					};
				};
			};
			buildConfigurationList = EC61DB202BC818CF006CFFD7 /* Build configuration list for PBXProject "ChefDelivery" */;
			compatibilityVersion = "Xcode 14.0";
			developmentRegion = en;
			hasScannedForEncodings = 0;
			knownRegions = (
				en,
				Base,
			);
			mainGroup = EC61DB1C2BC818CF006CFFD7;
			productRefGroup = EC61DB262BC818CF006CFFD7 /* Products */;
			projectDirPath = "";
			projectRoot = "";
			targets = (
				EC61DB242BC818CF006CFFD7 /* ChefDelivery */,
			);
		};
/* End PBXProject section */

/* Begin PBXResourcesBuildPhase section */
		EC61DB232BC818CF006CFFD7 /* Resources */ = {
			isa = PBXResourcesBuildPhase;
			buildActionMask = 2147483647;
			files = (
				EC61DB302BC818D1006CFFD7 /* Preview Assets.xcassets in Resources */,
				EC61DB2D2BC818D1006CFFD7 /* Assets.xcassets in Resources */,
			);
			runOnlyForDeploymentPostprocessing = 0;
		};
/* End PBXResourcesBuildPhase section */

/* Begin PBXSourcesBuildPhase section */
		EC61DB212BC818CF006CFFD7 /* Sources */ = {
			isa = PBXSourcesBuildPhase;
			buildActionMask = 2147483647;
			files = (
				EC61DB3F2BC85C48006CFFD7 /* OrderType.swift in Sources */,
				EC61DB2B2BC818CF006CFFD7 /* ContentView.swift in Sources */,
				EC61DB412BC85EE6006CFFD7 /* DataSourceMock.swift in Sources */,
				EC61DB462BCF0913006CFFD7 /* CaroselItemView.swift in Sources */,
				EC61DB432BCDAE0C006CFFD7 /* OrderTypeView.swift in Sources */,
				EC61DB4D2BCF422D006CFFD7 /* StoreItemView.swift in Sources */,
				EC61DB3C2BC8508F006CFFD7 /* OrderTypeGridView.swift in Sources */,
				EC61DB292BC818CF006CFFD7 /* ChefDeliveryApp.swift in Sources */,
				EC61DB392BC825A7006CFFD7 /* NavigationBar.swift in Sources */,
				EC61DB4A2BCF0BA2006CFFD7 /* CarouselTabView.swift in Sources */,
				EC61DB4F2BCF456A006CFFD7 /* StoreContainerView.swift in Sources */,
			);
			runOnlyForDeploymentPostprocessing = 0;
		};
/* End PBXSourcesBuildPhase section */

/* Begin XCBuildConfiguration section */
		EC61DB312BC818D1006CFFD7 /* Debug */ = {
			isa = XCBuildConfiguration;
			buildSettings = {
				ALWAYS_SEARCH_USER_PATHS = NO;
				ASSETCATALOG_COMPILER_GENERATE_SWIFT_ASSET_SYMBOL_EXTENSIONS = YES;
				CLANG_ANALYZER_NONNULL = YES;
				CLANG_ANALYZER_NUMBER_OBJECT_CONVERSION = YES_AGGRESSIVE;
				CLANG_CXX_LANGUAGE_STANDARD = "gnu++20";
				CLANG_ENABLE_MODULES = YES;
				CLANG_ENABLE_OBJC_ARC = YES;
				CLANG_ENABLE_OBJC_WEAK = YES;
				CLANG_WARN_BLOCK_CAPTURE_AUTORELEASING = YES;
				CLANG_WARN_BOOL_CONVERSION = YES;
				CLANG_WARN_COMMA = YES;
				CLANG_WARN_CONSTANT_CONVERSION = YES;
				CLANG_WARN_DEPRECATED_OBJC_IMPLEMENTATIONS = YES;
				CLANG_WARN_DIRECT_OBJC_ISA_USAGE = YES_ERROR;
				CLANG_WARN_DOCUMENTATION_COMMENTS = YES;
				CLANG_WARN_EMPTY_BODY = YES;
				CLANG_WARN_ENUM_CONVERSION = YES;
				CLANG_WARN_INFINITE_RECURSION = YES;
				CLANG_WARN_INT_CONVERSION = YES;
				CLANG_WARN_NON_LITERAL_NULL_CONVERSION = YES;
				CLANG_WARN_OBJC_IMPLICIT_RETAIN_SELF = YES;
				CLANG_WARN_OBJC_LITERAL_CONVERSION = YES;
				CLANG_WARN_OBJC_ROOT_CLASS = YES_ERROR;
				CLANG_WARN_QUOTED_INCLUDE_IN_FRAMEWORK_HEADER = YES;
				CLANG_WARN_RANGE_LOOP_ANALYSIS = YES;
				CLANG_WARN_STRICT_PROTOTYPES = YES;
				CLANG_WARN_SUSPICIOUS_MOVE = YES;
				CLANG_WARN_UNGUARDED_AVAILABILITY = YES_AGGRESSIVE;
				CLANG_WARN_UNREACHABLE_CODE = YES;
				CLANG_WARN__DUPLICATE_METHOD_MATCH = YES;
				COPY_PHASE_STRIP = NO;
				DEBUG_INFORMATION_FORMAT = dwarf;
				ENABLE_STRICT_OBJC_MSGSEND = YES;
				ENABLE_TESTABILITY = YES;
				ENABLE_USER_SCRIPT_SANDBOXING = YES;
				GCC_C_LANGUAGE_STANDARD = gnu17;
				GCC_DYNAMIC_NO_PIC = NO;
				GCC_NO_COMMON_BLOCKS = YES;
				GCC_OPTIMIZATION_LEVEL = 0;
				GCC_PREPROCESSOR_DEFINITIONS = (
					"DEBUG=1",
					"$(inherited)",
				);
				GCC_WARN_64_TO_32_BIT_CONVERSION = YES;
				GCC_WARN_ABOUT_RETURN_TYPE = YES_ERROR;
				GCC_WARN_UNDECLARED_SELECTOR = YES;
				GCC_WARN_UNINITIALIZED_AUTOS = YES_AGGRESSIVE;
				GCC_WARN_UNUSED_FUNCTION = YES;
				GCC_WARN_UNUSED_VARIABLE = YES;
				IPHONEOS_DEPLOYMENT_TARGET = 17.0;
				LOCALIZATION_PREFERS_STRING_CATALOGS = YES;
				MTL_ENABLE_DEBUG_INFO = INCLUDE_SOURCE;
				MTL_FAST_MATH = YES;
				ONLY_ACTIVE_ARCH = YES;
				SDKROOT = iphoneos;
				SWIFT_ACTIVE_COMPILATION_CONDITIONS = "DEBUG $(inherited)";
				SWIFT_OPTIMIZATION_LEVEL = "-Onone";
			};
			name = Debug;
		};
		EC61DB322BC818D1006CFFD7 /* Release */ = {
			isa = XCBuildConfiguration;
			buildSettings = {
				ALWAYS_SEARCH_USER_PATHS = NO;
				ASSETCATALOG_COMPILER_GENERATE_SWIFT_ASSET_SYMBOL_EXTENSIONS = YES;
				CLANG_ANALYZER_NONNULL = YES;
				CLANG_ANALYZER_NUMBER_OBJECT_CONVERSION = YES_AGGRESSIVE;
				CLANG_CXX_LANGUAGE_STANDARD = "gnu++20";
				CLANG_ENABLE_MODULES = YES;
				CLANG_ENABLE_OBJC_ARC = YES;
				CLANG_ENABLE_OBJC_WEAK = YES;
				CLANG_WARN_BLOCK_CAPTURE_AUTORELEASING = YES;
				CLANG_WARN_BOOL_CONVERSION = YES;
				CLANG_WARN_COMMA = YES;
				CLANG_WARN_CONSTANT_CONVERSION = YES;
				CLANG_WARN_DEPRECATED_OBJC_IMPLEMENTATIONS = YES;
				CLANG_WARN_DIRECT_OBJC_ISA_USAGE = YES_ERROR;
				CLANG_WARN_DOCUMENTATION_COMMENTS = YES;
				CLANG_WARN_EMPTY_BODY = YES;
				CLANG_WARN_ENUM_CONVERSION = YES;
				CLANG_WARN_INFINITE_RECURSION = YES;
				CLANG_WARN_INT_CONVERSION = YES;
				CLANG_WARN_NON_LITERAL_NULL_CONVERSION = YES;
				CLANG_WARN_OBJC_IMPLICIT_RETAIN_SELF = YES;
				CLANG_WARN_OBJC_LITERAL_CONVERSION = YES;
				CLANG_WARN_OBJC_ROOT_CLASS = YES_ERROR;
				CLANG_WARN_QUOTED_INCLUDE_IN_FRAMEWORK_HEADER = YES;
				CLANG_WARN_RANGE_LOOP_ANALYSIS = YES;
				CLANG_WARN_STRICT_PROTOTYPES = YES;
				CLANG_WARN_SUSPICIOUS_MOVE = YES;
				CLANG_WARN_UNGUARDED_AVAILABILITY = YES_AGGRESSIVE;
				CLANG_WARN_UNREACHABLE_CODE = YES;
				CLANG_WARN__DUPLICATE_METHOD_MATCH = YES;
				COPY_PHASE_STRIP = NO;
				DEBUG_INFORMATION_FORMAT = "dwarf-with-dsym";
				ENABLE_NS_ASSERTIONS = NO;
				ENABLE_STRICT_OBJC_MSGSEND = YES;
				ENABLE_USER_SCRIPT_SANDBOXING = YES;
				GCC_C_LANGUAGE_STANDARD = gnu17;
				GCC_NO_COMMON_BLOCKS = YES;
				GCC_WARN_64_TO_32_BIT_CONVERSION = YES;
				GCC_WARN_ABOUT_RETURN_TYPE = YES_ERROR;
				GCC_WARN_UNDECLARED_SELECTOR = YES;
				GCC_WARN_UNINITIALIZED_AUTOS = YES_AGGRESSIVE;
				GCC_WARN_UNUSED_FUNCTION = YES;
				GCC_WARN_UNUSED_VARIABLE = YES;
				IPHONEOS_DEPLOYMENT_TARGET = 17.0;
				LOCALIZATION_PREFERS_STRING_CATALOGS = YES;
				MTL_ENABLE_DEBUG_INFO = NO;
				MTL_FAST_MATH = YES;
				SDKROOT = iphoneos;
				SWIFT_COMPILATION_MODE = wholemodule;
				VALIDATE_PRODUCT = YES;
			};
			name = Release;
		};
		EC61DB342BC818D1006CFFD7 /* Debug */ = {
			isa = XCBuildConfiguration;
			buildSettings = {
				ASSETCATALOG_COMPILER_APPICON_NAME = AppIcon;
				ASSETCATALOG_COMPILER_GLOBAL_ACCENT_COLOR_NAME = AccentColor;
				CODE_SIGN_STYLE = Automatic;
				CURRENT_PROJECT_VERSION = 1;
				DEVELOPMENT_ASSET_PATHS = "\"ChefDelivery/Preview Content\"";
				DEVELOPMENT_TEAM = JTNY5QC729;
				ENABLE_PREVIEWS = YES;
				GENERATE_INFOPLIST_FILE = YES;
				INFOPLIST_KEY_UIApplicationSceneManifest_Generation = YES;
				INFOPLIST_KEY_UIApplicationSupportsIndirectInputEvents = YES;
				INFOPLIST_KEY_UILaunchScreen_Generation = YES;
				INFOPLIST_KEY_UISupportedInterfaceOrientations_iPad = "UIInterfaceOrientationPortrait UIInterfaceOrientationPortraitUpsideDown UIInterfaceOrientationLandscapeLeft UIInterfaceOrientationLandscapeRight";
				INFOPLIST_KEY_UISupportedInterfaceOrientations_iPhone = "UIInterfaceOrientationPortrait UIInterfaceOrientationLandscapeLeft UIInterfaceOrientationLandscapeRight";
				LD_RUNPATH_SEARCH_PATHS = (
					"$(inherited)",
					"@executable_path/Frameworks",
				);
				MARKETING_VERSION = 1.0;
				PRODUCT_BUNDLE_IDENTIFIER = br.com.cursoAlura.ChefDelivery;
				PRODUCT_NAME = "$(TARGET_NAME)";
				SWIFT_EMIT_LOC_STRINGS = YES;
				SWIFT_VERSION = 5.0;
				TARGETED_DEVICE_FAMILY = "1,2";
			};
			name = Debug;
		};
		EC61DB352BC818D1006CFFD7 /* Release */ = {
			isa = XCBuildConfiguration;
			buildSettings = {
				ASSETCATALOG_COMPILER_APPICON_NAME = AppIcon;
				ASSETCATALOG_COMPILER_GLOBAL_ACCENT_COLOR_NAME = AccentColor;
				CODE_SIGN_STYLE = Automatic;
				CURRENT_PROJECT_VERSION = 1;
				DEVELOPMENT_ASSET_PATHS = "\"ChefDelivery/Preview Content\"";
				DEVELOPMENT_TEAM = JTNY5QC729;
				ENABLE_PREVIEWS = YES;
				GENERATE_INFOPLIST_FILE = YES;
				INFOPLIST_KEY_UIApplicationSceneManifest_Generation = YES;
				INFOPLIST_KEY_UIApplicationSupportsIndirectInputEvents = YES;
				INFOPLIST_KEY_UILaunchScreen_Generation = YES;
				INFOPLIST_KEY_UISupportedInterfaceOrientations_iPad = "UIInterfaceOrientationPortrait UIInterfaceOrientationPortraitUpsideDown UIInterfaceOrientationLandscapeLeft UIInterfaceOrientationLandscapeRight";
				INFOPLIST_KEY_UISupportedInterfaceOrientations_iPhone = "UIInterfaceOrientationPortrait UIInterfaceOrientationLandscapeLeft UIInterfaceOrientationLandscapeRight";
				LD_RUNPATH_SEARCH_PATHS = (
					"$(inherited)",
					"@executable_path/Frameworks",
				);
				MARKETING_VERSION = 1.0;
				PRODUCT_BUNDLE_IDENTIFIER = br.com.cursoAlura.ChefDelivery;
				PRODUCT_NAME = "$(TARGET_NAME)";
				SWIFT_EMIT_LOC_STRINGS = YES;
				SWIFT_VERSION = 5.0;
				TARGETED_DEVICE_FAMILY = "1,2";
			};
			name = Release;
		};
/* End XCBuildConfiguration section */

/* Begin XCConfigurationList section */
		EC61DB202BC818CF006CFFD7 /* Build configuration list for PBXProject "ChefDelivery" */ = {
			isa = XCConfigurationList;
			buildConfigurations = (
				EC61DB312BC818D1006CFFD7 /* Debug */,
				EC61DB322BC818D1006CFFD7 /* Release */,
			);
			defaultConfigurationIsVisible = 0;
			defaultConfigurationName = Release;
		};
		EC61DB332BC818D1006CFFD7 /* Build configuration list for PBXNativeTarget "ChefDelivery" */ = {
			isa = XCConfigurationList;
			buildConfigurations = (
				EC61DB342BC818D1006CFFD7 /* Debug */,
				EC61DB352BC818D1006CFFD7 /* Release */,
			);
			defaultConfigurationIsVisible = 0;
			defaultConfigurationName = Release;
		};
/* End XCConfigurationList section */
	};
	rootObject = EC61DB1D2BC818CF006CFFD7 /* Project object */;
}
